<?xml version="1.0" encoding="utf-8"?>
<Project ToolsVersion="4.0" xmlns="http://schemas.microsoft.com/developer/msbuild/2003">
  <ItemGroup>
    <Filter Include="Source Files">
      <UniqueIdentifier>{4FC737F1-C7A5-4376-A066-2A32D752A2FF}</UniqueIdentifier>
      <Extensions>cpp;c;cc;cxx;def;odl;idl;hpj;bat;asm;asmx</Extensions>
    </Filter>
    <Filter Include="Header Files">
      <UniqueIdentifier>{93995380-89BD-4b04-88EB-625FBE52EBFB}</UniqueIdentifier>
      <Extensions>h;hh;hpp;hxx;hm;inl;inc;ipp;xsd</Extensions>
    </Filter>
    <Filter Include="Resource Files">
      <UniqueIdentifier>{67DA6AB6-F800-4c08-8B7A-83BB121AAD01}</UniqueIdentifier>
      <Extensions>rc;ico;cur;bmp;dlg;rc2;rct;bin;rgs;gif;jpg;jpeg;jpe;resx;tiff;tif;png;wav;mfcribbon-ms</Extensions>
    </Filter>
  </ItemGroup>
  <ItemGroup>
    <ClCompile Include="MyForm.cpp">
      <Filter>Source Files</Filter>
    </ClCompile>
    <ClCompile Include="Home.cpp">
      <Filter>Source Files</Filter>
    </ClCompile>
    <ClCompile Include="Equipments.cpp">
      <Filter>Source Files</Filter>
    </ClCompile>
    <ClCompile Include="EquipmentObject.cpp">
      <Filter>Source Files</Filter>
    </ClCompile>
    <ClCompile Include="AddEquipment.cpp">
      <Filter>Source Files</Filter>
    </ClCompile>
    <ClCompile Include="Trainer.cpp">
      <Filter>Source Files</Filter>
    </ClCompile>
    <ClCompile Include="TrainerObject.cpp">
      <Filter>Source Files</Filter>
    </ClCompile>
    <ClCompile Include="EditEquipment.cpp">
      <Filter>Source Files</Filter>
    </ClCompile>
    <ClCompile Include="AddTrainer.cpp">
      <Filter>Source Files</Filter>
    </ClCompile>
    <ClCompile Include="EditTrainer.cpp">
      <Filter>Source Files</Filter>
    </ClCompile>
    <ClCompile Include="ExercisePlan.cpp">
      <Filter>Source Files</Filter>
    </ClCompile>
    <ClCompile Include="AddExercisePlan.cpp">
      <Filter>Source Files</Filter>
    </ClCompile>
    <ClCompile Include="ExercisePlanObject.cpp">
      <Filter>Source Files</Filter>
    </ClCompile>
    <ClCompile Include="EditExercisePlan.cpp">
      <Filter>Source Files</Filter>
    </ClCompile>
    <ClCompile Include="AddCustomer.cpp">
      <Filter>Source Files</Filter>
    </ClCompile>
    <ClCompile Include="Customer.cpp">
      <Filter>Source Files</Filter>
    </ClCompile>
    <ClCompile Include="CustomerObject.cpp">
      <Filter>Source Files</Filter>
    </ClCompile>
    <ClCompile Include="EditCustomer.cpp">
      <Filter>Source Files</Filter>
    </ClCompile>
    <ClCompile Include="ShowSubscriptions.cpp">
      <Filter>Source Files</Filter>
    </ClCompile>
    <ClCompile Include="AddGymHall.cpp">
      <Filter>Source Files</Filter>
    </ClCompile>
    <ClCompile Include="EditGymHall.cpp">
      <Filter>Source Files</Filter>
    </ClCompile>
    <ClCompile Include="GymHalls.cpp">
      <Filter>Source Files</Filter>
    </ClCompile>
    <ClCompile Include="GymObject.cpp">
      <Filter>Source Files</Filter>
    </ClCompile>
    <ClCompile Include="HallSechdule.cpp">
      <Filter>Source Files</Filter>
    </ClCompile>
  </ItemGroup>
  <ItemGroup>
    <ClInclude Include="MyForm.h">
      <Filter>Header Files</Filter>
    </ClInclude>
    <ClInclude Include="Home.h">
      <Filter>Header Files</Filter>
    </ClInclude>
    <ClInclude Include="Equipments.h">
      <Filter>Header Files</Filter>
    </ClInclude>
    <ClInclude Include="EquipmentObject.h">
      <Filter>Header Files</Filter>
    </ClInclude>
    <ClInclude Include="AddEquipment.h">
      <Filter>Header Files</Filter>
    </ClInclude>
    <ClInclude Include="Trainer.h">
      <Filter>Header Files</Filter>
    </ClInclude>
    <ClInclude Include="TrainerObject.h">
      <Filter>Header Files</Filter>
    </ClInclude>
    <ClInclude Include="EditEquipment.h">
      <Filter>Header Files</Filter>
    </ClInclude>
    <ClInclude Include="AddTrainer.h">
      <Filter>Header Files</Filter>
    </ClInclude>
    <ClInclude Include="EditTrainer.h">
      <Filter>Header Files</Filter>
    </ClInclude>
    <ClInclude Include="AddExercisePlan.h">
      <Filter>Header Files</Filter>
    </ClInclude>
    <ClInclude Include="ExercisePlanObject.h">
      <Filter>Header Files</Filter>
    </ClInclude>
    <ClInclude Include="ExercisePlan.h">
      <Filter>Header Files</Filter>
    </ClInclude>
    <ClInclude Include="EditExercisePlan.h">
      <Filter>Header Files</Filter>
    </ClInclude>
    <ClInclude Include="AddCustomer.h">
      <Filter>Header Files</Filter>
    </ClInclude>
    <ClInclude Include="CustomerObject.h">
      <Filter>Header Files</Filter>
    </ClInclude>
    <ClInclude Include="Customer.h">
      <Filter>Header Files</Filter>
    </ClInclude>
    <ClInclude Include="EditCustomer.h">
      <Filter>Header Files</Filter>
    </ClInclude>
    <ClInclude Include="ShowSubscriptions.h">
      <Filter>Header Files</Filter>
    </ClInclude>
    <ClInclude Include="AddGymHall.h">
      <Filter>Header Files</Filter>
    </ClInclude>
    <ClInclude Include="EditGymHall.h">
      <Filter>Header Files</Filter>
    </ClInclude>
    <ClInclude Include="GymHalls.h">
      <Filter>Header Files</Filter>
    </ClInclude>
    <ClInclude Include="GymObject.h">
      <Filter>Header Files</Filter>
    </ClInclude>
    <ClInclude Include="HallSechdule.h">
      <Filter>Header Files</Filter>
    </ClInclude>
  </ItemGroup>
</Project>